Microsoft Visual Studio Solution File, Format Version 11.00
# Visual Studio 2008

Project("{CA07EFA0-EC79-D22B-465B-F6546C4346C4}") = "CAR RACE VR - Lesson 1", "Assembly-CSharp-firstpass.csproj", "{793EDA52-1627-0355-0EFB-7A191F883B97}"
EndProject
Project("{CA07EFA0-EC79-D22B-465B-F6546C4346C4}") = "CAR RACE VR - Lesson 1", "Assembly-CSharp.csproj", "{5E9BB175-C87F-74BE-1B21-AC9962C71F78}"
EndProject
Project("{CA07EFA0-EC79-D22B-465B-F6546C4346C4}") = "CAR RACE VR - Lesson 1", "Assembly-CSharp-Editor-firstpass.csproj", "{A4945F69-3DB3-CF05-6788-3AED8778D993}"
EndProject
Project("{CA07EFA0-EC79-D22B-465B-F6546C4346C4}") = "CAR RACE VR - Lesson 1", "Assembly-CSharp-Editor.csproj", "{2B886980-2D29-E859-0132-CBF3F538B35F}"
EndProject
Global
	GlobalSection(SolutionConfigurationPlatforms) = preSolution
		Debug|Any CPU = Debug|Any CPU
		Release|Any CPU = Release|Any CPU
	EndGlobalSection
	GlobalSection(ProjectConfigurationPlatforms) = postSolution
		{793EDA52-1627-0355-0EFB-7A191F883B97}.Debug|Any CPU.ActiveCfg = Debug|Any CPU
		{793EDA52-1627-0355-0EFB-7A191F883B97}.Debug|Any CPU.Build.0 = Debug|Any CPU
		{793EDA52-1627-0355-0EFB-7A191F883B97}.Release|Any CPU.ActiveCfg = Release|Any CPU
		{793EDA52-1627-0355-0EFB-7A191F883B97}.Release|Any CPU.Build.0 = Release|Any CPU
		{5E9BB175-C87F-74BE-1B21-AC9962C71F78}.Debug|Any CPU.ActiveCfg = Debug|Any CPU
		{5E9BB175-C87F-74BE-1B21-AC9962C71F78}.Debug|Any CPU.Build.0 = Debug|Any CPU
		{5E9BB175-C87F-74BE-1B21-AC9962C71F78}.Release|Any CPU.ActiveCfg = Release|Any CPU
		{5E9BB175-C87F-74BE-1B21-AC9962C71F78}.Release|Any CPU.Build.0 = Release|Any CPU
		{A4945F69-3DB3-CF05-6788-3AED8778D993}.Debug|Any CPU.ActiveCfg = Debug|Any CPU
		{A4945F69-3DB3-CF05-6788-3AED8778D993}.Debug|Any CPU.Build.0 = Debug|Any CPU
		{A4945F69-3DB3-CF05-6788-3AED8778D993}.Release|Any CPU.ActiveCfg = Release|Any CPU
		{A4945F69-3DB3-CF05-6788-3AED8778D993}.Release|Any CPU.Build.0 = Release|Any CPU
		{2B886980-2D29-E859-0132-CBF3F538B35F}.Debug|Any CPU.ActiveCfg = Debug|Any CPU
		{2B886980-2D29-E859-0132-CBF3F538B35F}.Debug|Any CPU.Build.0 = Debug|Any CPU
		{2B886980-2D29-E859-0132-CBF3F538B35F}.Release|Any CPU.ActiveCfg = Release|Any CPU
		{2B886980-2D29-E859-0132-CBF3F538B35F}.Release|Any CPU.Build.0 = Release|Any CPU
	EndGlobalSection
	GlobalSection(SolutionProperties) = preSolution
		HideSolutionNode = FALSE
	EndGlobalSection
	GlobalSection(MonoDevelopProperties) = preSolution
		StartupItem = Assembly-CSharp.csproj
	EndGlobalSection
EndGlobal
